
Microsoft Visual Studio Solution File, Format Version 12.00
# Visual Studio Version 16
VisualStudioVersion = 16.0.31402.337
MinimumVisualStudioVersion = 10.0.40219.1
Project("{FAE04EC0-301F-11D3-BF4B-00C04F79EFBC}") = "Text_SourceControl_2", "Text_SourceControl_2\Text_SourceControl_2.csproj", "{C2216B95-8A3F-46A0-AC13-75A6E9D178D7}"
EndProject
Global
	GlobalSection(SolutionConfigurationPlatforms) = preSolution
		Debug|Any CPU = Debug|Any CPU
		Release|Any CPU = Release|Any CPU
	EndGlobalSection
	GlobalSection(ProjectConfigurationPlatforms) = postSolution
		{C2216B95-8A3F-46A0-AC13-75A6E9D178D7}.Debug|Any CPU.ActiveCfg = Debug|Any CPU
		{C2216B95-8A3F-46A0-AC13-75A6E9D178D7}.Debug|Any CPU.Build.0 = Debug|Any CPU
		{C2216B95-8A3F-46A0-AC13-75A6E9D178D7}.Release|Any CPU.ActiveCfg = Release|Any CPU
		{C2216B95-8A3F-46A0-AC13-75A6E9D178D7}.Release|Any CPU.Build.0 = Release|Any CPU
	EndGlobalSection
	GlobalSection(SolutionProperties) = preSolution
		HideSolutionNode = FALSE
	EndGlobalSection
	GlobalSection(ExtensibilityGlobals) = postSolution
		SolutionGuid = {962D36FC-9004-4FD0-A81C-DA98D8699FC6}
	EndGlobalSection
EndGlobal
